
Microsoft Visual Studio Solution File, Format Version 12.00
# Visual Studio 2017
Project("{FAE04EC0-301F-11D3-BF4B-00C04F79EFBC}") = "FrakensteinsProm", "FrakensteinsProm.csproj", "{CE382494-53B7-B6E1-3DAE-7BA081741B52}"
EndProject
Project("{FAE04EC0-301F-11D3-BF4B-00C04F79EFBC}") = "FrakensteinsProm", "FrakensteinsProm.csproj", "{CE382494-53B7-B6E1-3DAE-7BA081741B52}"
EndProject
Project("{FAE04EC0-301F-11D3-BF4B-00C04F79EFBC}") = "FrakensteinsProm", "FrakensteinsProm.csproj", "{CE382494-53B7-B6E1-3DAE-7BA081741B52}"
EndProject
Project("{FAE04EC0-301F-11D3-BF4B-00C04F79EFBC}") = "FrakensteinsProm", "FrakensteinsProm.csproj", "{CE382494-53B7-B6E1-3DAE-7BA081741B52}"
EndProject
Project("{FAE04EC0-301F-11D3-BF4B-00C04F79EFBC}") = "FrakensteinsProm", "FrakensteinsProm.csproj", "{CE382494-53B7-B6E1-3DAE-7BA081741B52}"
EndProject
Project("{FAE04EC0-301F-11D3-BF4B-00C04F79EFBC}") = "FrakensteinsProm.Editor", "FrakensteinsProm.Editor.csproj", "{5199F124-D582-18BF-0D6F-75F7A3851576}"
EndProject
Project("{FAE04EC0-301F-11D3-BF4B-00C04F79EFBC}") = "FrakensteinsProm.Editor", "FrakensteinsProm.Editor.csproj", "{5199F124-D582-18BF-0D6F-75F7A3851576}"
EndProject
Project("{FAE04EC0-301F-11D3-BF4B-00C04F79EFBC}") = "FrakensteinsProm.Editor", "FrakensteinsProm.Editor.csproj", "{5199F124-D582-18BF-0D6F-75F7A3851576}"
EndProject
Project("{FAE04EC0-301F-11D3-BF4B-00C04F79EFBC}") = "FrakensteinsProm.Editor", "FrakensteinsProm.Editor.csproj", "{5199F124-D582-18BF-0D6F-75F7A3851576}"
EndProject
Project("{FAE04EC0-301F-11D3-BF4B-00C04F79EFBC}") = "FrakensteinsProm.Editor", "FrakensteinsProm.Editor.csproj", "{5199F124-D582-18BF-0D6F-75F7A3851576}"
EndProject
Project("{FAE04EC0-301F-11D3-BF4B-00C04F79EFBC}") = "FrakensteinsProm.Editor", "FrakensteinsProm.Editor.csproj", "{5199F124-D582-18BF-0D6F-75F7A3851576}"
EndProject
Project("{FAE04EC0-301F-11D3-BF4B-00C04F79EFBC}") = "FrakensteinsProm.Editor", "FrakensteinsProm.Editor.csproj", "{5199F124-D582-18BF-0D6F-75F7A3851576}"
EndProject
Project("{FAE04EC0-301F-11D3-BF4B-00C04F79EFBC}") = "FrakensteinsProm.Editor", "FrakensteinsProm.Editor.csproj", "{5199F124-D582-18BF-0D6F-75F7A3851576}"
EndProject
Project("{FAE04EC0-301F-11D3-BF4B-00C04F79EFBC}") = "FrakensteinsProm.Editor", "FrakensteinsProm.Editor.csproj", "{5199F124-D582-18BF-0D6F-75F7A3851576}"
EndProject
Global
	GlobalSection(SolutionConfigurationPlatforms) = preSolution
		Debug|Any CPU = Debug|Any CPU
		Release|Any CPU = Release|Any CPU
	EndGlobalSection
	GlobalSection(ProjectConfigurationPlatforms) = postSolution
		{CE382494-53B7-B6E1-3DAE-7BA081741B52}.Debug|Any CPU.ActiveCfg = Debug|Any CPU
		{CE382494-53B7-B6E1-3DAE-7BA081741B52}.Debug|Any CPU.Build.0 = Debug|Any CPU
		{CE382494-53B7-B6E1-3DAE-7BA081741B52}.Release|Any CPU.ActiveCfg = Release|Any CPU
		{CE382494-53B7-B6E1-3DAE-7BA081741B52}.Release|Any CPU.Build.0 = Release|Any CPU
		{CE382494-53B7-B6E1-3DAE-7BA081741B52}.Debug|Any CPU.ActiveCfg = Debug|Any CPU
		{CE382494-53B7-B6E1-3DAE-7BA081741B52}.Debug|Any CPU.Build.0 = Debug|Any CPU
		{CE382494-53B7-B6E1-3DAE-7BA081741B52}.Release|Any CPU.ActiveCfg = Release|Any CPU
		{CE382494-53B7-B6E1-3DAE-7BA081741B52}.Release|Any CPU.Build.0 = Release|Any CPU
		{CE382494-53B7-B6E1-3DAE-7BA081741B52}.Debug|Any CPU.ActiveCfg = Debug|Any CPU
		{CE382494-53B7-B6E1-3DAE-7BA081741B52}.Debug|Any CPU.Build.0 = Debug|Any CPU
		{CE382494-53B7-B6E1-3DAE-7BA081741B52}.Release|Any CPU.ActiveCfg = Release|Any CPU
		{CE382494-53B7-B6E1-3DAE-7BA081741B52}.Release|Any CPU.Build.0 = Release|Any CPU
		{CE382494-53B7-B6E1-3DAE-7BA081741B52}.Debug|Any CPU.ActiveCfg = Debug|Any CPU
		{CE382494-53B7-B6E1-3DAE-7BA081741B52}.Debug|Any CPU.Build.0 = Debug|Any CPU
		{CE382494-53B7-B6E1-3DAE-7BA081741B52}.Release|Any CPU.ActiveCfg = Release|Any CPU
		{CE382494-53B7-B6E1-3DAE-7BA081741B52}.Release|Any CPU.Build.0 = Release|Any CPU
		{CE382494-53B7-B6E1-3DAE-7BA081741B52}.Debug|Any CPU.ActiveCfg = Debug|Any CPU
		{CE382494-53B7-B6E1-3DAE-7BA081741B52}.Debug|Any CPU.Build.0 = Debug|Any CPU
		{CE382494-53B7-B6E1-3DAE-7BA081741B52}.Release|Any CPU.ActiveCfg = Release|Any CPU
		{CE382494-53B7-B6E1-3DAE-7BA081741B52}.Release|Any CPU.Build.0 = Release|Any CPU
		{5199F124-D582-18BF-0D6F-75F7A3851576}.Debug|Any CPU.ActiveCfg = Debug|Any CPU
		{5199F124-D582-18BF-0D6F-75F7A3851576}.Debug|Any CPU.Build.0 = Debug|Any CPU
		{5199F124-D582-18BF-0D6F-75F7A3851576}.Release|Any CPU.ActiveCfg = Release|Any CPU
		{5199F124-D582-18BF-0D6F-75F7A3851576}.Release|Any CPU.Build.0 = Release|Any CPU
		{5199F124-D582-18BF-0D6F-75F7A3851576}.Debug|Any CPU.ActiveCfg = Debug|Any CPU
		{5199F124-D582-18BF-0D6F-75F7A3851576}.Debug|Any CPU.Build.0 = Debug|Any CPU
		{5199F124-D582-18BF-0D6F-75F7A3851576}.Release|Any CPU.ActiveCfg = Release|Any CPU
		{5199F124-D582-18BF-0D6F-75F7A3851576}.Release|Any CPU.Build.0 = Release|Any CPU
		{5199F124-D582-18BF-0D6F-75F7A3851576}.Debug|Any CPU.ActiveCfg = Debug|Any CPU
		{5199F124-D582-18BF-0D6F-75F7A3851576}.Debug|Any CPU.Build.0 = Debug|Any CPU
		{5199F124-D582-18BF-0D6F-75F7A3851576}.Release|Any CPU.ActiveCfg = Release|Any CPU
		{5199F124-D582-18BF-0D6F-75F7A3851576}.Release|Any CPU.Build.0 = Release|Any CPU
		{5199F124-D582-18BF-0D6F-75F7A3851576}.Debug|Any CPU.ActiveCfg = Debug|Any CPU
		{5199F124-D582-18BF-0D6F-75F7A3851576}.Debug|Any CPU.Build.0 = Debug|Any CPU
		{5199F124-D582-18BF-0D6F-75F7A3851576}.Release|Any CPU.ActiveCfg = Release|Any CPU
		{5199F124-D582-18BF-0D6F-75F7A3851576}.Release|Any CPU.Build.0 = Release|Any CPU
		{5199F124-D582-18BF-0D6F-75F7A3851576}.Debug|Any CPU.ActiveCfg = Debug|Any CPU
		{5199F124-D582-18BF-0D6F-75F7A3851576}.Debug|Any CPU.Build.0 = Debug|Any CPU
		{5199F124-D582-18BF-0D6F-75F7A3851576}.Release|Any CPU.ActiveCfg = Release|Any CPU
		{5199F124-D582-18BF-0D6F-75F7A3851576}.Release|Any CPU.Build.0 = Release|Any CPU
		{5199F124-D582-18BF-0D6F-75F7A3851576}.Debug|Any CPU.ActiveCfg = Debug|Any CPU
		{5199F124-D582-18BF-0D6F-75F7A3851576}.Debug|Any CPU.Build.0 = Debug|Any CPU
		{5199F124-D582-18BF-0D6F-75F7A3851576}.Release|Any CPU.ActiveCfg = Release|Any CPU
		{5199F124-D582-18BF-0D6F-75F7A3851576}.Release|Any CPU.Build.0 = Release|Any CPU
		{5199F124-D582-18BF-0D6F-75F7A3851576}.Debug|Any CPU.ActiveCfg = Debug|Any CPU
		{5199F124-D582-18BF-0D6F-75F7A3851576}.Debug|Any CPU.Build.0 = Debug|Any CPU
		{5199F124-D582-18BF-0D6F-75F7A3851576}.Release|Any CPU.ActiveCfg = Release|Any CPU
		{5199F124-D582-18BF-0D6F-75F7A3851576}.Release|Any CPU.Build.0 = Release|Any CPU
		{5199F124-D582-18BF-0D6F-75F7A3851576}.Debug|Any CPU.ActiveCfg = Debug|Any CPU
		{5199F124-D582-18BF-0D6F-75F7A3851576}.Debug|Any CPU.Build.0 = Debug|Any CPU
		{5199F124-D582-18BF-0D6F-75F7A3851576}.Release|Any CPU.ActiveCfg = Release|Any CPU
		{5199F124-D582-18BF-0D6F-75F7A3851576}.Release|Any CPU.Build.0 = Release|Any CPU
		{5199F124-D582-18BF-0D6F-75F7A3851576}.Debug|Any CPU.ActiveCfg = Debug|Any CPU
		{5199F124-D582-18BF-0D6F-75F7A3851576}.Debug|Any CPU.Build.0 = Debug|Any CPU
		{5199F124-D582-18BF-0D6F-75F7A3851576}.Release|Any CPU.ActiveCfg = Release|Any CPU
		{5199F124-D582-18BF-0D6F-75F7A3851576}.Release|Any CPU.Build.0 = Release|Any CPU
	EndGlobalSection
	GlobalSection(SolutionProperties) = preSolution
		HideSolutionNode = FALSE
	EndGlobalSection
EndGlobal
